Microsoft Visual Studio Solution File, Format Version 12.00
# Visual Studio Version 17
VisualStudioVersion = 17.5.2.0
MinimumVisualStudioVersion = 10.0.40219.1
Project("{FAE04EC0-301F-11D3-BF4B-00C04F79EFBC}") = "ComickBackend", "ComickBackend\ComickBackend.csproj", "{F938AC30-F588-07B8-4E5C-F1FE61BCBC31}"
EndProject
Global
	GlobalSection(SolutionConfigurationPlatforms) = preSolution
		Debug|Any CPU = Debug|Any CPU
		Release|Any CPU = Release|Any CPU
	EndGlobalSection
	GlobalSection(ProjectConfigurationPlatforms) = postSolution
		{F938AC30-F588-07B8-4E5C-F1FE61BCBC31}.Debug|Any CPU.ActiveCfg = Debug|Any CPU
		{F938AC30-F588-07B8-4E5C-F1FE61BCBC31}.Debug|Any CPU.Build.0 = Debug|Any CPU
		{F938AC30-F588-07B8-4E5C-F1FE61BCBC31}.Release|Any CPU.ActiveCfg = Release|Any CPU
		{F938AC30-F588-07B8-4E5C-F1FE61BCBC31}.Release|Any CPU.Build.0 = Release|Any CPU
	EndGlobalSection
	GlobalSection(SolutionProperties) = preSolution
		HideSolutionNode = FALSE
	EndGlobalSection
	GlobalSection(ExtensibilityGlobals) = postSolution
		SolutionGuid = {CF45102E-26A1-4FB6-A6D4-9B64CF00CBD5}
	EndGlobalSection
EndGlobal
